// !$*UTF8*$!
{
	archiveVersion = 1;
	classes = {
	};
	objectVersion = 46;
	objects = {

/* Begin PBXBuildFile section */
		FC83A4F91E718B6D005A81A9 /* Alkali.h in Headers */ = {isa = PBXBuildFile; fileRef = FC83A4F71E718B6D005A81A9 /* Alkali.h */; settings = {ATTRIBUTES = (Public, ); }; };
		FC83A4FD1E718BBB005A81A9 /* Window.swift in Sources */ = {isa = PBXBuildFile; fileRef = FCCB7B191E70803F0092E4FC /* Window.swift */; };
		FC83A5001E718D24005A81A9 /* Upsurge.framework in Frameworks */ = {isa = PBXBuildFile; fileRef = FC83A4FF1E718D24005A81A9 /* Upsurge.framework */; };
		FC83A5041E718D98005A81A9 /* Upsurge.framework in Frameworks */ = {isa = PBXBuildFile; fileRef = FC83A5031E718D98005A81A9 /* Upsurge.framework */; };
		FC83A5091E719585005A81A9 /* ValueArray.swift in Sources */ = {isa = PBXBuildFile; fileRef = FC83A5081E719585005A81A9 /* ValueArray.swift */; };
		FC83A50A1E719585005A81A9 /* ValueArray.swift in Sources */ = {isa = PBXBuildFile; fileRef = FC83A5081E719585005A81A9 /* ValueArray.swift */; };
		FC83A50D1E719BD3005A81A9 /* Playgrounds.swift in Sources */ = {isa = PBXBuildFile; fileRef = FC83A50C1E719BD3005A81A9 /* Playgrounds.swift */; };
		FC83A50E1E719BD3005A81A9 /* Playgrounds.swift in Sources */ = {isa = PBXBuildFile; fileRef = FC83A50C1E719BD3005A81A9 /* Playgrounds.swift */; };
		FCCB7B1A1E70803F0092E4FC /* Window.swift in Sources */ = {isa = PBXBuildFile; fileRef = FCCB7B191E70803F0092E4FC /* Window.swift */; };
		FCCB7B1B1E70808E0092E4FC /* Alkali.h in Headers */ = {isa = PBXBuildFile; fileRef = FCF4265D1E705FBB00821F28 /* Alkali.h */; settings = {ATTRIBUTES = (Public, ); }; };
/* End PBXBuildFile section */

/* Begin PBXFileReference section */
		FC1CB85B1E70568400A8349B /* Alkali.framework */ = {isa = PBXFileReference; explicitFileType = wrapper.framework; includeInIndex = 0; path = Alkali.framework; sourceTree = BUILT_PRODUCTS_DIR; };
		FC83A4F51E718B6D005A81A9 /* Alkali.framework */ = {isa = PBXFileReference; explicitFileType = wrapper.framework; includeInIndex = 0; path = Alkali.framework; sourceTree = BUILT_PRODUCTS_DIR; };
		FC83A4F71E718B6D005A81A9 /* Alkali.h */ = {isa = PBXFileReference; lastKnownFileType = sourcecode.c.h; path = Alkali.h; sourceTree = "<group>"; };
		FC83A4F81E718B6D005A81A9 /* Info.plist */ = {isa = PBXFileReference; lastKnownFileType = text.plist.xml; path = Info.plist; sourceTree = "<group>"; };
		FC83A4FF1E718D24005A81A9 /* Upsurge.framework */ = {isa = PBXFileReference; lastKnownFileType = wrapper.framework; name = Upsurge.framework; path = Carthage/Build/iOS/Upsurge.framework; sourceTree = "<group>"; };
		FC83A5031E718D98005A81A9 /* Upsurge.framework */ = {isa = PBXFileReference; lastKnownFileType = wrapper.framework; name = Upsurge.framework; path = Carthage/Build/Mac/Upsurge.framework; sourceTree = "<group>"; };
		FC83A5081E719585005A81A9 /* ValueArray.swift */ = {isa = PBXFileReference; fileEncoding = 4; lastKnownFileType = sourcecode.swift; path = ValueArray.swift; sourceTree = "<group>"; };
		FC83A50C1E719BD3005A81A9 /* Playgrounds.swift */ = {isa = PBXFileReference; fileEncoding = 4; lastKnownFileType = sourcecode.swift; path = Playgrounds.swift; sourceTree = "<group>"; };
		FCCB7B191E70803F0092E4FC /* Window.swift */ = {isa = PBXFileReference; fileEncoding = 4; lastKnownFileType = sourcecode.swift; path = Window.swift; sourceTree = "<group>"; };
		FCF4265D1E705FBB00821F28 /* Alkali.h */ = {isa = PBXFileReference; fileEncoding = 4; lastKnownFileType = sourcecode.c.h; path = Alkali.h; sourceTree = "<group>"; };
		FCF4265E1E705FBB00821F28 /* Info.plist */ = {isa = PBXFileReference; fileEncoding = 4; lastKnownFileType = text.plist.xml; path = Info.plist; sourceTree = "<group>"; };
/* End PBXFileReference section */

/* Begin PBXFrameworksBuildPhase section */
		FC1CB8571E70568400A8349B /* Frameworks */ = {
			isa = PBXFrameworksBuildPhase;
			buildActionMask = 2147483647;
			files = (
				FC83A5001E718D24005A81A9 /* Upsurge.framework in Frameworks */,
			);
			runOnlyForDeploymentPostprocessing = 0;
		};
		FC83A4F11E718B6D005A81A9 /* Frameworks */ = {
			isa = PBXFrameworksBuildPhase;
			buildActionMask = 2147483647;
			files = (
				FC83A5041E718D98005A81A9 /* Upsurge.framework in Frameworks */,
			);
			runOnlyForDeploymentPostprocessing = 0;
		};
/* End PBXFrameworksBuildPhase section */

/* Begin PBXGroup section */
		FC1CB8511E70568400A8349B = {
			isa = PBXGroup;
			children = (
				FC1CB8801E70575E00A8349B /* Sources */,
				FC83A4F61E718B6D005A81A9 /* Alkali */,
				FC1CB85C1E70568400A8349B /* Products */,
				FC83A4FE1E718D24005A81A9 /* Frameworks */,
			);
			sourceTree = "<group>";
		};
		FC1CB85C1E70568400A8349B /* Products */ = {
			isa = PBXGroup;
			children = (
				FC1CB85B1E70568400A8349B /* Alkali.framework */,
				FC83A4F51E718B6D005A81A9 /* Alkali.framework */,
			);
			name = Products;
			sourceTree = "<group>";
		};
		FC1CB8801E70575E00A8349B /* Sources */ = {
			isa = PBXGroup;
			children = (
				FCF4265D1E705FBB00821F28 /* Alkali.h */,
				FCF4265E1E705FBB00821F28 /* Info.plist */,
				FC1CB8851E705BD100A8349B /* iOS */,
				FC1CB8861E705BD100A8349B /* macOS */,
				FC1CB8871E705BD100A8349B /* Shared */,
				FC1CB8881E705BD100A8349B /* tvOS */,
			);
			path = Sources;
			sourceTree = "<group>";
		};
		FC1CB8851E705BD100A8349B /* iOS */ = {
			isa = PBXGroup;
			children = (
			);
			path = iOS;
			sourceTree = "<group>";
		};
		FC1CB8861E705BD100A8349B /* macOS */ = {
			isa = PBXGroup;
			children = (
			);
			path = macOS;
			sourceTree = "<group>";
		};
		FC1CB8871E705BD100A8349B /* Shared */ = {
			isa = PBXGroup;
			children = (
				FC83A50B1E719BC6005A81A9 /* Utils */,
				FC83A5071E719575005A81A9 /* Extensions */,
				FCCB7B191E70803F0092E4FC /* Window.swift */,
			);
			path = Shared;
			sourceTree = "<group>";
		};
		FC1CB8881E705BD100A8349B /* tvOS */ = {
			isa = PBXGroup;
			children = (
			);
			path = tvOS;
			sourceTree = "<group>";
		};
		FC83A4F61E718B6D005A81A9 /* Alkali */ = {
			isa = PBXGroup;
			children = (
				FC83A4F71E718B6D005A81A9 /* Alkali.h */,
				FC83A4F81E718B6D005A81A9 /* Info.plist */,
			);
			path = Alkali;
			sourceTree = "<group>";
		};
		FC83A4FE1E718D24005A81A9 /* Frameworks */ = {
			isa = PBXGroup;
			children = (
				FC83A5011E718D2C005A81A9 /* iOS */,
				FC83A5051E718DA9005A81A9 /* macOS */,
			);
			name = Frameworks;
			sourceTree = "<group>";
		};
		FC83A5011E718D2C005A81A9 /* iOS */ = {
			isa = PBXGroup;
			children = (
				FC83A4FF1E718D24005A81A9 /* Upsurge.framework */,
			);
			name = iOS;
			sourceTree = "<group>";
		};
		FC83A5051E718DA9005A81A9 /* macOS */ = {
			isa = PBXGroup;
			children = (
				FC83A5031E718D98005A81A9 /* Upsurge.framework */,
			);
			name = macOS;
			sourceTree = "<group>";
		};
		FC83A5071E719575005A81A9 /* Extensions */ = {
			isa = PBXGroup;
			children = (
				FC83A5081E719585005A81A9 /* ValueArray.swift */,
			);
			path = Extensions;
			sourceTree = "<group>";
		};
		FC83A50B1E719BC6005A81A9 /* Utils */ = {
			isa = PBXGroup;
			children = (
				FC83A50C1E719BD3005A81A9 /* Playgrounds.swift */,
			);
			path = Utils;
			sourceTree = "<group>";
		};
/* End PBXGroup section */

/* Begin PBXHeadersBuildPhase section */
		FC1CB8581E70568400A8349B /* Headers */ = {
			isa = PBXHeadersBuildPhase;
			buildActionMask = 2147483647;
			files = (
				FCCB7B1B1E70808E0092E4FC /* Alkali.h in Headers */,
			);
			runOnlyForDeploymentPostprocessing = 0;
		};
		FC83A4F21E718B6D005A81A9 /* Headers */ = {
			isa = PBXHeadersBuildPhase;
			buildActionMask = 2147483647;
			files = (
				FC83A4F91E718B6D005A81A9 /* Alkali.h in Headers */,
			);
			runOnlyForDeploymentPostprocessing = 0;
		};
/* End PBXHeadersBuildPhase section */

/* Begin PBXNativeTarget section */
		FC1CB85A1E70568400A8349B /* Alkali iOS */ = {
			isa = PBXNativeTarget;
			buildConfigurationList = FC1CB8631E70568400A8349B /* Build configuration list for PBXNativeTarget "Alkali iOS" */;
			buildPhases = (
				FC1CB8561E70568400A8349B /* Sources */,
				FC1CB8571E70568400A8349B /* Frameworks */,
				FC1CB8581E70568400A8349B /* Headers */,
				FC1CB8591E70568400A8349B /* Resources */,
				FC83A4EF1E7185CF005A81A9 /* Carthage */,
			);
			buildRules = (
			);
			dependencies = (
			);
			name = "Alkali iOS";
			productName = Alkali;
			productReference = FC1CB85B1E70568400A8349B /* Alkali.framework */;
			productType = "com.apple.product-type.framework";
		};
		FC83A4F41E718B6D005A81A9 /* Alkali macOS */ = {
			isa = PBXNativeTarget;
			buildConfigurationList = FC83A4FA1E718B6D005A81A9 /* Build configuration list for PBXNativeTarget "Alkali macOS" */;
			buildPhases = (
				FC83A4F01E718B6D005A81A9 /* Sources */,
				FC83A4F11E718B6D005A81A9 /* Frameworks */,
				FC83A4F21E718B6D005A81A9 /* Headers */,
				FC83A4F31E718B6D005A81A9 /* Resources */,
				FC83A5021E718D5F005A81A9 /* Carthage */,
			);
			buildRules = (
			);
			dependencies = (
			);
			name = "Alkali macOS";
			productName = Alkali;
			productReference = FC83A4F51E718B6D005A81A9 /* Alkali.framework */;
			productType = "com.apple.product-type.framework";
		};
/* End PBXNativeTarget section */

/* Begin PBXProject section */
		FC1CB8521E70568400A8349B /* Project object */ = {
			isa = PBXProject;
			attributes = {
				LastUpgradeCheck = 0830;
				ORGANIZATIONNAME = "BVR, LLC";
				TargetAttributes = {
					FC1CB85A1E70568400A8349B = {
						CreatedOnToolsVersion = 8.3;
						LastSwiftMigration = 0830;
						ProvisioningStyle = Automatic;
					};
					FC83A4F41E718B6D005A81A9 = {
						CreatedOnToolsVersion = 8.3;
						ProvisioningStyle = Automatic;
					};
				};
			};
			buildConfigurationList = FC1CB8551E70568400A8349B /* Build configuration list for PBXProject "Alkali" */;
			compatibilityVersion = "Xcode 3.2";
			developmentRegion = English;
			hasScannedForEncodings = 0;
			knownRegions = (
				en,
			);
			mainGroup = FC1CB8511E70568400A8349B;
			productRefGroup = FC1CB85C1E70568400A8349B /* Products */;
			projectDirPath = "";
			projectRoot = "";
			targets = (
				FC1CB85A1E70568400A8349B /* Alkali iOS */,
				FC83A4F41E718B6D005A81A9 /* Alkali macOS */,
			);
		};
/* End PBXProject section */

/* Begin PBXResourcesBuildPhase section */
		FC1CB8591E70568400A8349B /* Resources */ = {
			isa = PBXResourcesBuildPhase;
			buildActionMask = 2147483647;
			files = (
			);
			runOnlyForDeploymentPostprocessing = 0;
		};
		FC83A4F31E718B6D005A81A9 /* Resources */ = {
			isa = PBXResourcesBuildPhase;
			buildActionMask = 2147483647;
			files = (
			);
			runOnlyForDeploymentPostprocessing = 0;
		};
/* End PBXResourcesBuildPhase section */

/* Begin PBXShellScriptBuildPhase section */
		FC83A4EF1E7185CF005A81A9 /* Carthage */ = {
			isa = PBXShellScriptBuildPhase;
			buildActionMask = 2147483647;
			files = (
			);
			inputPaths = (
				"$(SRCROOT)/Carthage/Build/iOS/Upsurge.framework",
			);
			name = Carthage;
			outputPaths = (
			);
			runOnlyForDeploymentPostprocessing = 0;
			shellPath = /bin/sh;
			shellScript = "/usr/local/bin/carthage copy-frameworks";
		};
		FC83A5021E718D5F005A81A9 /* Carthage */ = {
			isa = PBXShellScriptBuildPhase;
			buildActionMask = 2147483647;
			files = (
			);
			inputPaths = (
				"$(SRCROOT)/Carthage/Build/Mac/Upsurge.framework",
			);
			name = Carthage;
			outputPaths = (
			);
			runOnlyForDeploymentPostprocessing = 0;
			shellPath = /bin/sh;
			shellScript = "/usr/local/bin/carthage copy-frameworks";
		};
/* End PBXShellScriptBuildPhase section */

/* Begin PBXSourcesBuildPhase section */
		FC1CB8561E70568400A8349B /* Sources */ = {
			isa = PBXSourcesBuildPhase;
			buildActionMask = 2147483647;
			files = (
				FC83A50D1E719BD3005A81A9 /* Playgrounds.swift in Sources */,
				FCCB7B1A1E70803F0092E4FC /* Window.swift in Sources */,
				FC83A5091E719585005A81A9 /* ValueArray.swift in Sources */,
			);
			runOnlyForDeploymentPostprocessing = 0;
		};
		FC83A4F01E718B6D005A81A9 /* Sources */ = {
			isa = PBXSourcesBuildPhase;
			buildActionMask = 2147483647;
			files = (
				FC83A50E1E719BD3005A81A9 /* Playgrounds.swift in Sources */,
				FC83A4FD1E718BBB005A81A9 /* Window.swift in Sources */,
				FC83A50A1E719585005A81A9 /* ValueArray.swift in Sources */,
			);
			runOnlyForDeploymentPostprocessing = 0;
		};
/* End PBXSourcesBuildPhase section */

/* Begin XCBuildConfiguration section */
		FC1CB8611E70568400A8349B /* Debug */ = {
			isa = XCBuildConfiguration;
			buildSettings = {
				ALWAYS_SEARCH_USER_PATHS = NO;
				CLANG_ANALYZER_NONNULL = YES;
				CLANG_ANALYZER_NUMBER_OBJECT_CONVERSION = YES_AGGRESSIVE;
				CLANG_CXX_LANGUAGE_STANDARD = "gnu++0x";
				CLANG_CXX_LIBRARY = "libc++";
				CLANG_ENABLE_MODULES = YES;
				CLANG_ENABLE_OBJC_ARC = YES;
				CLANG_WARN_BOOL_CONVERSION = YES;
				CLANG_WARN_CONSTANT_CONVERSION = YES;
				CLANG_WARN_DIRECT_OBJC_ISA_USAGE = YES_ERROR;
				CLANG_WARN_DOCUMENTATION_COMMENTS = YES;
				CLANG_WARN_EMPTY_BODY = YES;
				CLANG_WARN_ENUM_CONVERSION = YES;
				CLANG_WARN_INFINITE_RECURSION = YES;
				CLANG_WARN_INT_CONVERSION = YES;
				CLANG_WARN_OBJC_ROOT_CLASS = YES_ERROR;
				CLANG_WARN_SUSPICIOUS_MOVE = YES;
				CLANG_WARN_UNREACHABLE_CODE = YES;
				CLANG_WARN__DUPLICATE_METHOD_MATCH = YES;
				"CODE_SIGN_IDENTITY[sdk=iphoneos*]" = "iPhone Developer";
				COPY_PHASE_STRIP = NO;
				CURRENT_PROJECT_VERSION = 1;
				DEBUG_INFORMATION_FORMAT = dwarf;
				ENABLE_STRICT_OBJC_MSGSEND = YES;
				ENABLE_TESTABILITY = YES;
				GCC_C_LANGUAGE_STANDARD = gnu99;
				GCC_DYNAMIC_NO_PIC = NO;
				GCC_NO_COMMON_BLOCKS = YES;
				GCC_OPTIMIZATION_LEVEL = 0;
				GCC_PREPROCESSOR_DEFINITIONS = (
					"DEBUG=1",
					"$(inherited)",
				);
				GCC_WARN_64_TO_32_BIT_CONVERSION = YES;
				GCC_WARN_ABOUT_RETURN_TYPE = YES_ERROR;
				GCC_WARN_UNDECLARED_SELECTOR = YES;
				GCC_WARN_UNINITIALIZED_AUTOS = YES_AGGRESSIVE;
				GCC_WARN_UNUSED_FUNCTION = YES;
				GCC_WARN_UNUSED_VARIABLE = YES;
				IPHONEOS_DEPLOYMENT_TARGET = 10.3;
				MTL_ENABLE_DEBUG_INFO = YES;
				ONLY_ACTIVE_ARCH = YES;
				SDKROOT = iphoneos;
				SWIFT_ACTIVE_COMPILATION_CONDITIONS = DEBUG;
				SWIFT_OPTIMIZATION_LEVEL = "-Onone";
				VERSIONING_SYSTEM = "apple-generic";
				VERSION_INFO_PREFIX = "";
			};
			name = Debug;
		};
		FC1CB8621E70568400A8349B /* Release */ = {
			isa = XCBuildConfiguration;
			buildSettings = {
				ALWAYS_SEARCH_USER_PATHS = NO;
				CLANG_ANALYZER_NONNULL = YES;
				CLANG_ANALYZER_NUMBER_OBJECT_CONVERSION = YES_AGGRESSIVE;
				CLANG_CXX_LANGUAGE_STANDARD = "gnu++0x";
				CLANG_CXX_LIBRARY = "libc++";
				CLANG_ENABLE_MODULES = YES;
				CLANG_ENABLE_OBJC_ARC = YES;
				CLANG_WARN_BOOL_CONVERSION = YES;
				CLANG_WARN_CONSTANT_CONVERSION = YES;
				CLANG_WARN_DIRECT_OBJC_ISA_USAGE = YES_ERROR;
				CLANG_WARN_DOCUMENTATION_COMMENTS = YES;
				CLANG_WARN_EMPTY_BODY = YES;
				CLANG_WARN_ENUM_CONVERSION = YES;
				CLANG_WARN_INFINITE_RECURSION = YES;
				CLANG_WARN_INT_CONVERSION = YES;
				CLANG_WARN_OBJC_ROOT_CLASS = YES_ERROR;
				CLANG_WARN_SUSPICIOUS_MOVE = YES;
				CLANG_WARN_UNREACHABLE_CODE = YES;
				CLANG_WARN__DUPLICATE_METHOD_MATCH = YES;
				"CODE_SIGN_IDENTITY[sdk=iphoneos*]" = "iPhone Developer";
				COPY_PHASE_STRIP = NO;
				CURRENT_PROJECT_VERSION = 1;
				DEBUG_INFORMATION_FORMAT = "dwarf-with-dsym";
				ENABLE_NS_ASSERTIONS = NO;
				ENABLE_STRICT_OBJC_MSGSEND = YES;
				GCC_C_LANGUAGE_STANDARD = gnu99;
				GCC_NO_COMMON_BLOCKS = YES;
				GCC_WARN_64_TO_32_BIT_CONVERSION = YES;
				GCC_WARN_ABOUT_RETURN_TYPE = YES_ERROR;
				GCC_WARN_UNDECLARED_SELECTOR = YES;
				GCC_WARN_UNINITIALIZED_AUTOS = YES_AGGRESSIVE;
				GCC_WARN_UNUSED_FUNCTION = YES;
				GCC_WARN_UNUSED_VARIABLE = YES;
				IPHONEOS_DEPLOYMENT_TARGET = 10.3;
				MTL_ENABLE_DEBUG_INFO = NO;
				SDKROOT = iphoneos;
				SWIFT_OPTIMIZATION_LEVEL = "-Owholemodule";
				VALIDATE_PRODUCT = YES;
				VERSIONING_SYSTEM = "apple-generic";
				VERSION_INFO_PREFIX = "";
			};
			name = Release;
		};
		FC1CB8641E70568400A8349B /* Debug */ = {
			isa = XCBuildConfiguration;
			buildSettings = {
				CLANG_ENABLE_MODULES = YES;
				CODE_SIGN_IDENTITY = "";
				DEFINES_MODULE = YES;
				DYLIB_COMPATIBILITY_VERSION = 1;
				DYLIB_CURRENT_VERSION = 1;
				DYLIB_INSTALL_NAME_BASE = "@rpath";
				FRAMEWORK_SEARCH_PATHS = (
					"$(inherited)",
					"$(PROJECT_DIR)/Carthage/Build/Mac",
					"$(PROJECT_DIR)/Carthage/Build/iOS",
					"$(PROJECT_DIR)/Carthage/Build/tvOS",
				);
				INFOPLIST_FILE = Sources/Info.plist;
				INFOPLIST_OUTPUT_FORMAT = "same-as-input";
				INSTALL_PATH = "$(LOCAL_LIBRARY_DIR)/Frameworks";
				LD_RUNPATH_SEARCH_PATHS = "$(inherited) @executable_path/Frameworks @loader_path/Frameworks";
				PRODUCT_BUNDLE_IDENTIFIER = io.bvr.Alkali;
				PRODUCT_NAME = Alkali;
				SKIP_INSTALL = YES;
				SUPPORTED_PLATFORMS = "iphonesimulator iphoneos";
				SWIFT_OPTIMIZATION_LEVEL = "-Onone";
				SWIFT_VERSION = 3.0;
				TARGETED_DEVICE_FAMILY = "1,2";
			};
			name = Debug;
		};
		FC1CB8651E70568400A8349B /* Release */ = {
			isa = XCBuildConfiguration;
			buildSettings = {
				CLANG_ENABLE_MODULES = YES;
				CODE_SIGN_IDENTITY = "";
				DEFINES_MODULE = YES;
				DYLIB_COMPATIBILITY_VERSION = 1;
				DYLIB_CURRENT_VERSION = 1;
				DYLIB_INSTALL_NAME_BASE = "@rpath";
				FRAMEWORK_SEARCH_PATHS = (
					"$(inherited)",
					"$(PROJECT_DIR)/Carthage/Build/Mac",
					"$(PROJECT_DIR)/Carthage/Build/iOS",
					"$(PROJECT_DIR)/Carthage/Build/tvOS",
				);
				INFOPLIST_FILE = Sources/Info.plist;
				INFOPLIST_OUTPUT_FORMAT = "same-as-input";
				INSTALL_PATH = "$(LOCAL_LIBRARY_DIR)/Frameworks";
				LD_RUNPATH_SEARCH_PATHS = "$(inherited) @executable_path/Frameworks @loader_path/Frameworks";
				PRODUCT_BUNDLE_IDENTIFIER = io.bvr.Alkali;
				PRODUCT_NAME = Alkali;
				SKIP_INSTALL = YES;
				SUPPORTED_PLATFORMS = "iphonesimulator iphoneos";
				SWIFT_VERSION = 3.0;
				TARGETED_DEVICE_FAMILY = "1,2";
			};
			name = Release;
		};
		FC83A4FB1E718B6D005A81A9 /* Debug */ = {
			isa = XCBuildConfiguration;
			buildSettings = {
				CODE_SIGN_IDENTITY = "-";
				COMBINE_HIDPI_IMAGES = YES;
				DEFINES_MODULE = YES;
				DYLIB_COMPATIBILITY_VERSION = 1;
				DYLIB_CURRENT_VERSION = 1;
				DYLIB_INSTALL_NAME_BASE = "@rpath";
				FRAMEWORK_SEARCH_PATHS = (
					"$(inherited)",
					"$(PROJECT_DIR)/Carthage/Build/Mac",
				);
				FRAMEWORK_VERSION = A;
				INFOPLIST_FILE = Alkali/Info.plist;
				INSTALL_PATH = "$(LOCAL_LIBRARY_DIR)/Frameworks";
				LD_RUNPATH_SEARCH_PATHS = "$(inherited) @executable_path/../Frameworks @loader_path/Frameworks";
				MACOSX_DEPLOYMENT_TARGET = 10.12;
				PRODUCT_BUNDLE_IDENTIFIER = io.bvr.Alkali;
				PRODUCT_NAME = Alkali;
				SDKROOT = macosx;
				SKIP_INSTALL = YES;
				SWIFT_VERSION = 3.0;
			};
			name = Debug;
		};
		FC83A4FC1E718B6D005A81A9 /* Release */ = {
			isa = XCBuildConfiguration;
			buildSettings = {
				CODE_SIGN_IDENTITY = "-";
				COMBINE_HIDPI_IMAGES = YES;
				DEFINES_MODULE = YES;
				DYLIB_COMPATIBILITY_VERSION = 1;
				DYLIB_CURRENT_VERSION = 1;
				DYLIB_INSTALL_NAME_BASE = "@rpath";
				FRAMEWORK_SEARCH_PATHS = (
					"$(inherited)",
					"$(PROJECT_DIR)/Carthage/Build/Mac",
				);
				FRAMEWORK_VERSION = A;
				INFOPLIST_FILE = Alkali/Info.plist;
				INSTALL_PATH = "$(LOCAL_LIBRARY_DIR)/Frameworks";
				LD_RUNPATH_SEARCH_PATHS = "$(inherited) @executable_path/../Frameworks @loader_path/Frameworks";
				MACOSX_DEPLOYMENT_TARGET = 10.12;
				PRODUCT_BUNDLE_IDENTIFIER = io.bvr.Alkali;
				PRODUCT_NAME = Alkali;
				SDKROOT = macosx;
				SKIP_INSTALL = YES;
				SWIFT_VERSION = 3.0;
			};
			name = Release;
		};
/* End XCBuildConfiguration section */

/* Begin XCConfigurationList section */
		FC1CB8551E70568400A8349B /* Build configuration list for PBXProject "Alkali" */ = {
			isa = XCConfigurationList;
			buildConfigurations = (
				FC1CB8611E70568400A8349B /* Debug */,
				FC1CB8621E70568400A8349B /* Release */,
			);
			defaultConfigurationIsVisible = 0;
			defaultConfigurationName = Release;
		};
		FC1CB8631E70568400A8349B /* Build configuration list for PBXNativeTarget "Alkali iOS" */ = {
			isa = XCConfigurationList;
			buildConfigurations = (
				FC1CB8641E70568400A8349B /* Debug */,
				FC1CB8651E70568400A8349B /* Release */,
			);
			defaultConfigurationIsVisible = 0;
			defaultConfigurationName = Release;
		};
		FC83A4FA1E718B6D005A81A9 /* Build configuration list for PBXNativeTarget "Alkali macOS" */ = {
			isa = XCConfigurationList;
			buildConfigurations = (
				FC83A4FB1E718B6D005A81A9 /* Debug */,
				FC83A4FC1E718B6D005A81A9 /* Release */,
			);
			defaultConfigurationIsVisible = 0;
		};
/* End XCConfigurationList section */
	};
	rootObject = FC1CB8521E70568400A8349B /* Project object */;
}
